
Microsoft Visual Studio Solution File, Format Version 12.00
# Visual Studio 2013
VisualStudioVersion = 12.0.30110.0
MinimumVisualStudioVersion = 10.0.40219.1
Project("{8BC9CEB8-8B4A-11D0-8D11-00A0C91BC942}") = "QuickCave", "QuickCave\QuickCave.vcxproj", "{7CDFD04B-FF9E-48A4-8460-5E4A95A711F6}"
EndProject
Global
	GlobalSection(SolutionConfigurationPlatforms) = preSolution
		Debug|Win32 = Debug|Win32
		Release|Win32 = Release|Win32
	EndGlobalSection
	GlobalSection(ProjectConfigurationPlatforms) = postSolution
		{7CDFD04B-FF9E-48A4-8460-5E4A95A711F6}.Debug|Win32.ActiveCfg = Debug|Win32
		{7CDFD04B-FF9E-48A4-8460-5E4A95A711F6}.Debug|Win32.Build.0 = Debug|Win32
		{7CDFD04B-FF9E-48A4-8460-5E4A95A711F6}.Release|Win32.ActiveCfg = Release|Win32
		{7CDFD04B-FF9E-48A4-8460-5E4A95A711F6}.Release|Win32.Build.0 = Release|Win32
	EndGlobalSection
	GlobalSection(SolutionProperties) = preSolution
		HideSolutionNode = FALSE
	EndGlobalSection
EndGlobal
